
Microsoft Visual Studio Solution File, Format Version 12.00
# Visual Studio Version 17
VisualStudioVersion = 17.0.31903.59
MinimumVisualStudioVersion = 10.0.40219.1
Project("{FAE04EC0-301F-11D3-BF4B-00C04F79EFBC}") = "Portfolio_Srivignesh.Server", "Portfolio_Srivignesh.Server\Portfolio_Srivignesh.Server.csproj", "{82C63B42-C34F-4318-B9E8-B4B9070BF9A1}"
EndProject
Global
	GlobalSection(SolutionConfigurationPlatforms) = preSolution
		Debug|Any CPU = Debug|Any CPU
		Release|Any CPU = Release|Any CPU
	EndGlobalSection
	GlobalSection(ProjectConfigurationPlatforms) = postSolution
		{82C63B42-C34F-4318-B9E8-B4B9070BF9A1}.Debug|Any CPU.ActiveCfg = Debug|Any CPU
		{82C63B42-C34F-4318-B9E8-B4B9070BF9A1}.Debug|Any CPU.Build.0 = Debug|Any CPU
		{82C63B42-C34F-4318-B9E8-B4B9070BF9A1}.Release|Any CPU.ActiveCfg = Release|Any CPU
		{82C63B42-C34F-4318-B9E8-B4B9070BF9A1}.Release|Any CPU.Build.0 = Release|Any CPU
	EndGlobalSection
	GlobalSection(SolutionProperties) = preSolution
		HideSolutionNode = FALSE
	EndGlobalSection
	GlobalSection(ExtensibilityGlobals) = postSolution
		SolutionGuid = {F344E1C4-99F4-4B74-A3EC-0DBD3BD7943C}
	EndGlobalSection
EndGlobal
